
Microsoft Visual Studio Solution File, Format Version 12.00
# Visual Studio Version 17
VisualStudioVersion = 17.0.31919.166
MinimumVisualStudioVersion = 10.0.40219.1
Project("{9A19103F-16F7-4668-BE54-9A1E7A4F7556}") = "TechnicalAssignment", "TechnicalAssignment\TechnicalAssignment.csproj", "{392CB935-F32D-4260-B81A-3134398CF165}"
EndProject
Project("{9A19103F-16F7-4668-BE54-9A1E7A4F7556}") = "TechnicalAssignment.Data", "TechnicalAssignment.Data\TechnicalAssignment.Data.csproj", "{B586E8A5-0D71-4C68-A453-F8F86DC2FDC1}"
EndProject
Project("{9A19103F-16F7-4668-BE54-9A1E7A4F7556}") = "TechnicalAssignment.Services", "TechnicalAssignment.Services\TechnicalAssignment.Services.csproj", "{68E84E42-7C42-434F-8A00-4B975BC623EC}"
EndProject
Project("{2150E333-8FDC-42A3-9474-1A3956D46DE8}") = "Tests", "Tests", "{AB44CAAC-E261-4497-A381-0E5ACDA8CEF5}"
EndProject
Project("{9A19103F-16F7-4668-BE54-9A1E7A4F7556}") = "TechnicalAssignment.Tests", "TechnicalAssignment.Tests\TechnicalAssignment.Tests.csproj", "{A31F0212-2752-4CEA-85C6-EDC91AA2176A}"
EndProject
Project("{9A19103F-16F7-4668-BE54-9A1E7A4F7556}") = "TechnicalAssignment.Services.Tests", "TechnicalAssignment.Services.Tests\TechnicalAssignment.Services.Tests.csproj", "{8852E468-670F-419C-A1F9-64133CC2CD28}"
EndProject
Global
	GlobalSection(SolutionConfigurationPlatforms) = preSolution
		Debug|Any CPU = Debug|Any CPU
		Release|Any CPU = Release|Any CPU
	EndGlobalSection
	GlobalSection(ProjectConfigurationPlatforms) = postSolution
		{392CB935-F32D-4260-B81A-3134398CF165}.Debug|Any CPU.ActiveCfg = Debug|Any CPU
		{392CB935-F32D-4260-B81A-3134398CF165}.Debug|Any CPU.Build.0 = Debug|Any CPU
		{392CB935-F32D-4260-B81A-3134398CF165}.Release|Any CPU.ActiveCfg = Release|Any CPU
		{392CB935-F32D-4260-B81A-3134398CF165}.Release|Any CPU.Build.0 = Release|Any CPU
		{B586E8A5-0D71-4C68-A453-F8F86DC2FDC1}.Debug|Any CPU.ActiveCfg = Debug|Any CPU
		{B586E8A5-0D71-4C68-A453-F8F86DC2FDC1}.Debug|Any CPU.Build.0 = Debug|Any CPU
		{B586E8A5-0D71-4C68-A453-F8F86DC2FDC1}.Release|Any CPU.ActiveCfg = Release|Any CPU
		{B586E8A5-0D71-4C68-A453-F8F86DC2FDC1}.Release|Any CPU.Build.0 = Release|Any CPU
		{68E84E42-7C42-434F-8A00-4B975BC623EC}.Debug|Any CPU.ActiveCfg = Debug|Any CPU
		{68E84E42-7C42-434F-8A00-4B975BC623EC}.Debug|Any CPU.Build.0 = Debug|Any CPU
		{68E84E42-7C42-434F-8A00-4B975BC623EC}.Release|Any CPU.ActiveCfg = Release|Any CPU
		{68E84E42-7C42-434F-8A00-4B975BC623EC}.Release|Any CPU.Build.0 = Release|Any CPU
		{A31F0212-2752-4CEA-85C6-EDC91AA2176A}.Debug|Any CPU.ActiveCfg = Debug|Any CPU
		{A31F0212-2752-4CEA-85C6-EDC91AA2176A}.Debug|Any CPU.Build.0 = Debug|Any CPU
		{A31F0212-2752-4CEA-85C6-EDC91AA2176A}.Release|Any CPU.ActiveCfg = Release|Any CPU
		{A31F0212-2752-4CEA-85C6-EDC91AA2176A}.Release|Any CPU.Build.0 = Release|Any CPU
		{8852E468-670F-419C-A1F9-64133CC2CD28}.Debug|Any CPU.ActiveCfg = Debug|Any CPU
		{8852E468-670F-419C-A1F9-64133CC2CD28}.Debug|Any CPU.Build.0 = Debug|Any CPU
		{8852E468-670F-419C-A1F9-64133CC2CD28}.Release|Any CPU.ActiveCfg = Release|Any CPU
		{8852E468-670F-419C-A1F9-64133CC2CD28}.Release|Any CPU.Build.0 = Release|Any CPU
	EndGlobalSection
	GlobalSection(SolutionProperties) = preSolution
		HideSolutionNode = FALSE
	EndGlobalSection
	GlobalSection(NestedProjects) = preSolution
		{A31F0212-2752-4CEA-85C6-EDC91AA2176A} = {AB44CAAC-E261-4497-A381-0E5ACDA8CEF5}
		{8852E468-670F-419C-A1F9-64133CC2CD28} = {AB44CAAC-E261-4497-A381-0E5ACDA8CEF5}
	EndGlobalSection
	GlobalSection(ExtensibilityGlobals) = postSolution
		SolutionGuid = {9EE9EEA2-8F18-4637-8463-99955FD0D91F}
	EndGlobalSection
EndGlobal
